<?xml version="1.0" encoding="utf-8"?>
<Project ToolsVersion="4.0" xmlns="http://schemas.microsoft.com/developer/msbuild/2003">
  <ItemGroup>
    <Filter Include="MarioGame">
      <UniqueIdentifier>{90b13c10-8650-4acd-946d-421f8433604e}</UniqueIdentifier>
    </Filter>
    <Filter Include="MarioGame\Header Files">
      <UniqueIdentifier>{93995380-89BD-4b04-88EB-625FBE52EBFB}</UniqueIdentifier>
      <Extensions>h;hh;hpp;hxx;h++;hm;inl;inc;ipp;xsd</Extensions>
    </Filter>
    <Filter Include="MarioGame\Resource Files">
      <UniqueIdentifier>{67DA6AB6-F800-4c08-8B7A-83BB121AAD01}</UniqueIdentifier>
      <Extensions>rc;ico;cur;bmp;dlg;rc2;rct;bin;rgs;gif;jpg;jpeg;jpe;resx;tiff;tif;png;wav;mfcribbon-ms</Extensions>
    </Filter>
    <Filter Include="MarioGame\Source Files">
      <UniqueIdentifier>{4FC737F1-C7A5-4376-A066-2A32D752A2FF}</UniqueIdentifier>
      <Extensions>cpp;c;cc;cxx;c++;cppm;ixx;def;odl;idl;hpj;bat;asm;asmx</Extensions>
    </Filter>
  </ItemGroup>
  <ItemGroup>
    <None Include="packages.config" />
  </ItemGroup>
  <ItemGroup>
    <ClCompile Include="main.cpp">
      <Filter>MarioGame\Source Files</Filter>
    </ClCompile>
    <ClCompile Include="Mario.cpp">
      <Filter>MarioGame\Source Files</Filter>
    </ClCompile>
    <ClCompile Include="Animation.cpp">
      <Filter>MarioGame\Source Files</Filter>
    </ClCompile>
    <ClCompile Include="Animations.cpp">
      <Filter>MarioGame\Source Files</Filter>
    </ClCompile>
    <ClCompile Include="Brick.cpp">
      <Filter>MarioGame\Source Files</Filter>
    </ClCompile>
    <ClCompile Include="Coin.cpp">
      <Filter>MarioGame\Source Files</Filter>
    </ClCompile>
    <ClCompile Include="debug.cpp">
      <Filter>MarioGame\Source Files</Filter>
    </ClCompile>
    <ClCompile Include="Game.cpp">
      <Filter>MarioGame\Source Files</Filter>
    </ClCompile>
    <ClCompile Include="GameObject.cpp">
      <Filter>MarioGame\Source Files</Filter>
    </ClCompile>
    <ClCompile Include="Goomba.cpp">
      <Filter>MarioGame\Source Files</Filter>
    </ClCompile>
    <ClCompile Include="SampleKeyEventHandler.cpp">
      <Filter>MarioGame\Source Files</Filter>
    </ClCompile>
    <ClCompile Include="Textures.cpp">
      <Filter>MarioGame\Source Files</Filter>
    </ClCompile>
    <ClCompile Include="Collision.cpp">
      <Filter>MarioGame\Source Files</Filter>
    </ClCompile>
    <ClCompile Include="PlayScene.cpp">
      <Filter>MarioGame\Source Files</Filter>
    </ClCompile>
    <ClCompile Include="Portal.cpp">
      <Filter>MarioGame\Source Files</Filter>
    </ClCompile>
    <ClCompile Include="Sprite.cpp">
      <Filter>MarioGame\Source Files</Filter>
    </ClCompile>
    <ClCompile Include="Sprites.cpp">
      <Filter>MarioGame\Source Files</Filter>
    </ClCompile>
    <ClCompile Include="Platform.cpp">
      <Filter>MarioGame\Source Files</Filter>
    </ClCompile>
    <ClCompile Include="Utils.cpp">
      <Filter>MarioGame\Source Files</Filter>
    </ClCompile>
    <ClCompile Include="Grass.cpp">
      <Filter>MarioGame\Source Files</Filter>
    </ClCompile>
    <ClCompile Include="QuestionBrick.cpp">
      <Filter>MarioGame\Source Files</Filter>
    </ClCompile>
  </ItemGroup>
  <ItemGroup>
    <ClInclude Include="Animation.h">
      <Filter>MarioGame\Header Files</Filter>
    </ClInclude>
    <ClInclude Include="Animations.h">
      <Filter>MarioGame\Header Files</Filter>
    </ClInclude>
    <ClInclude Include="AssetIDs.h">
      <Filter>MarioGame\Header Files</Filter>
    </ClInclude>
    <ClInclude Include="Brick.h">
      <Filter>MarioGame\Header Files</Filter>
    </ClInclude>
    <ClInclude Include="Coin.h">
      <Filter>MarioGame\Header Files</Filter>
    </ClInclude>
    <ClInclude Include="debug.h">
      <Filter>MarioGame\Header Files</Filter>
    </ClInclude>
    <ClInclude Include="Game.h">
      <Filter>MarioGame\Header Files</Filter>
    </ClInclude>
    <ClInclude Include="GameObject.h">
      <Filter>MarioGame\Header Files</Filter>
    </ClInclude>
    <ClInclude Include="Goomba.h">
      <Filter>MarioGame\Header Files</Filter>
    </ClInclude>
    <ClInclude Include="Mario.h">
      <Filter>MarioGame\Header Files</Filter>
    </ClInclude>
    <ClInclude Include="Platform.h">
      <Filter>MarioGame\Header Files</Filter>
    </ClInclude>
    <ClInclude Include="resource.h">
      <Filter>MarioGame\Header Files</Filter>
    </ClInclude>
    <ClInclude Include="SampleKeyEventHandler.h">
      <Filter>MarioGame\Header Files</Filter>
    </ClInclude>
    <ClInclude Include="Textures.h">
      <Filter>MarioGame\Header Files</Filter>
    </ClInclude>
    <ClInclude Include="AnimationFrame.h">
      <Filter>MarioGame\Header Files</Filter>
    </ClInclude>
    <ClInclude Include="Collision.h">
      <Filter>MarioGame\Header Files</Filter>
    </ClInclude>
    <ClInclude Include="KeyEventHandler.h">
      <Filter>MarioGame\Header Files</Filter>
    </ClInclude>
    <ClInclude Include="PlayScene.h">
      <Filter>MarioGame\Header Files</Filter>
    </ClInclude>
    <ClInclude Include="Portal.h">
      <Filter>MarioGame\Header Files</Filter>
    </ClInclude>
    <ClInclude Include="Scene.h">
      <Filter>MarioGame\Header Files</Filter>
    </ClInclude>
    <ClInclude Include="Sprite.h">
      <Filter>MarioGame\Header Files</Filter>
    </ClInclude>
    <ClInclude Include="Sprites.h">
      <Filter>MarioGame\Header Files</Filter>
    </ClInclude>
    <ClInclude Include="Texture.h">
      <Filter>MarioGame\Header Files</Filter>
    </ClInclude>
    <ClInclude Include="Utils.h">
      <Filter>MarioGame\Header Files</Filter>
    </ClInclude>
    <ClInclude Include="Grass.h">
      <Filter>MarioGame\Header Files</Filter>
    </ClInclude>
    <ClInclude Include="QuestionBrick.h">
      <Filter>MarioGame\Header Files</Filter>
    </ClInclude>
  </ItemGroup>
  <ItemGroup>
    <ResourceCompile Include="Mario.rc">
      <Filter>MarioGame\Resource Files</Filter>
    </ResourceCompile>
  </ItemGroup>
</Project>